lockfileVersion: '6.0'

dependencies:
  '@babel/parser':
    specifier: ^7.22.10
    version: 7.22.10
  '@babel/traverse':
    specifier: 8.0.0-alpha.2
    version: 8.0.0-alpha.2

packages:

  /@babel/code-frame@8.0.0-alpha.2:
    resolution: {integrity: sha512-uM1On1MxYaZDFVq1gPbGJx1Rf0N+lwlPOCBHZPS8RNVfP9CAG05xzViguK45e16n4Wo6V3WfaTkdmbuNusBnJQ==}
    engines: {node: ^16.20.0 || ^18.16.0 || >=20.0.0}
    dependencies:
      '@babel/highlight': 8.0.0-alpha.2
      chalk: 4.1.2
    dev: false

  /@babel/generator@8.0.0-alpha.2:
    resolution: {integrity: sha512-e54eb7+TYFYAC5+hAIBLeiYdRl/bASjqdmz8KQDzNKeKSC6tYloEAlODw/k++xgNTCCJzneNiP/s8PxphZYiTg==}
    engines: {node: ^16.20.0 || ^18.16.0 || >=20.0.0}
    dependencies:
      '@babel/types': 8.0.0-alpha.2
      '@jridgewell/gen-mapping': 0.3.3
      '@jridgewell/trace-mapping': 0.3.19
      jsesc: 3.0.2
    dev: false

  /@babel/helper-environment-visitor@8.0.0-alpha.2:
    resolution: {integrity: sha512-lpkwsTzBntOXufqZ2A8wxdsZhaKVa9yCont4cGmiAYQ/vqUJN/1o98BE90hEYSUZWIMJqI0kP3Pfv2tZeqPXfQ==}
    engines: {node: ^16.20.0 || ^18.16.0 || >=20.0.0}
    dev: false

  /@babel/helper-function-name@8.0.0-alpha.2:
    resolution: {integrity: sha512-HApEmLe0tyPBp6yO5mNUvqhu9DocxMWMkCaU0+Z+B4sdBgYfbZnVJOQG3OnAsfOjcom96612wrpOqkihfw5Iyw==}
    engines: {node: ^16.20.0 || ^18.16.0 || >=20.0.0}
    dependencies:
      '@babel/template': 8.0.0-alpha.2
      '@babel/types': 8.0.0-alpha.2
    dev: false

  /@babel/helper-hoist-variables@8.0.0-alpha.2:
    resolution: {integrity: sha512-G/ppqv/YRjh+oEhLYDbavX7DQNSh5E/p6raHQGAhzUUfwol2e3Z+3gPn9+4p4pM2gRSieSfMcol83mfDFm2yBQ==}
    engines: {node: ^16.20.0 || ^18.16.0 || >=20.0.0}
    dependencies:
      '@babel/types': 8.0.0-alpha.2
    dev: false

  /@babel/helper-split-export-declaration@8.0.0-alpha.2:
    resolution: {integrity: sha512-6JwAcpeNAI09lr7bhknc3r4K+0vehVdMTFNiFNEOjEsvkl+AB9Y1aGVLs2gcOnJ9xG6L1WaoimVQ0gzvQhUoPA==}
    engines: {node: ^16.20.0 || ^18.16.0 || >=20.0.0}
    dependencies:
      '@babel/types': 8.0.0-alpha.2
    dev: false

  /@babel/helper-string-parser@7.22.5:
    resolution: {integrity: sha512-mM4COjgZox8U+JcXQwPijIZLElkgEpO5rsERVDJTc2qfCDfERyob6k5WegS14SX18IIjv+XD+GrqNumY5JRCDw==}
    engines: {node: '>=6.9.0'}
    dev: false

  /@babel/helper-string-parser@8.0.0-alpha.2:
    resolution: {integrity: sha512-zdLAD8CTSuAARYmEwYzeQe42vhPXbzONxDjoR+MKPQ1wLCUJpd9HQC+VJb0wbeDdVZKThZXtyYgO+SPCEXtxtA==}
    engines: {node: ^16.20.0 || ^18.16.0 || >=20.0.0}
    dev: false

  /@babel/helper-validator-identifier@7.22.5:
    resolution: {integrity: sha512-aJXu+6lErq8ltp+JhkJUfk1MTGyuA4v7f3pA+BJ5HLfNC6nAQ0Cpi9uOquUj8Hehg0aUiHzWQbOVJGao6ztBAQ==}
    engines: {node: '>=6.9.0'}
    dev: false

  /@babel/helper-validator-identifier@8.0.0-alpha.2:
    resolution: {integrity: sha512-us66RLKkCzBzNJ1TVAHe2euihYrYaXxbuQ7yJogKdBKBZ0R7gHEpB+e0ylaMGsmLzqlpPUyWWcz3OPTCsq1FDw==}
    engines: {node: ^16.20.0 || ^18.16.0 || >=20.0.0}
    dev: false

  /@babel/highlight@8.0.0-alpha.2:
    resolution: {integrity: sha512-V+G3EzQx895Dqbu4xroJo6kMLK6YQJLrMLGj2zjJShA5HNuBCTGgwBhL1BA8jixOfFA5/110QoCugKC39oWB8w==}
    engines: {node: ^16.20.0 || ^18.16.0 || >=20.0.0}
    dependencies:
      '@babel/helper-validator-identifier': 8.0.0-alpha.2
      chalk: 4.1.2
      js-tokens: 8.0.1
    dev: false

  /@babel/parser@7.22.10:
    resolution: {integrity: sha512-lNbdGsQb9ekfsnjFGhEiF4hfFqGgfOP3H3d27re3n+CGhNuTSUEQdfWk556sTLNTloczcdM5TYF2LhzmDQKyvQ==}
    engines: {node: '>=6.0.0'}
    hasBin: true
    dependencies:
      '@babel/types': 7.22.10
    dev: false

  /@babel/parser@8.0.0-alpha.2:
    resolution: {integrity: sha512-XJruaQb5irakFnM0ZZIJ64PXmRu0SXqOBtqppTqVfHINKM97CFNwTJOFCAmV/p6l8S57vqgP6ZQmvD/zVACGMg==}
    engines: {node: ^16.20.0 || ^18.16.0 || >=20.0.0}
    hasBin: true
    dev: false

  /@babel/template@8.0.0-alpha.2:
    resolution: {integrity: sha512-XSwu2Nu/SNhQY52iFLOTlCZxlgMUWCrcXv7dhj9dnz5I7wTiCgInfzlh3jIq5wE4TbgdfQAKSLfxywGbFNYxxw==}
    engines: {node: ^16.20.0 || ^18.16.0 || >=20.0.0}
    dependencies:
      '@babel/code-frame': 8.0.0-alpha.2
      '@babel/parser': 8.0.0-alpha.2
      '@babel/types': 8.0.0-alpha.2
    dev: false

  /@babel/traverse@8.0.0-alpha.2:
    resolution: {integrity: sha512-AtZpwWO8DPgYz922sHSlNxu94nmUU8kVNg/GCJFuL1zg1Ad7jXaUUzMW573Qn6c7JG4Gd2p3dDfuGc3z0/imoQ==}
    engines: {node: ^16.20.0 || ^18.16.0 || >=20.0.0}
    dependencies:
      '@babel/code-frame': 8.0.0-alpha.2
      '@babel/generator': 8.0.0-alpha.2
      '@babel/helper-environment-visitor': 8.0.0-alpha.2
      '@babel/helper-function-name': 8.0.0-alpha.2
      '@babel/helper-hoist-variables': 8.0.0-alpha.2
      '@babel/helper-split-export-declaration': 8.0.0-alpha.2
      '@babel/parser': 8.0.0-alpha.2
      '@babel/types': 8.0.0-alpha.2
      debug: 4.3.4
      globals: 13.21.0
    transitivePeerDependencies:
      - supports-color
    dev: false

  /@babel/types@7.22.10:
    resolution: {integrity: sha512-obaoigiLrlDZ7TUQln/8m4mSqIW2QFeOrCQc9r+xsaHGNoplVNYlRVpsfE8Vj35GEm2ZH4ZhrNYogs/3fj85kg==}
    engines: {node: '>=6.9.0'}
    dependencies:
      '@babel/helper-string-parser': 7.22.5
      '@babel/helper-validator-identifier': 7.22.5
      to-fast-properties: 2.0.0
    dev: false

  /@babel/types@8.0.0-alpha.2:
    resolution: {integrity: sha512-qc/+6ALxviKBu4nmgZ20ZkNpnzyQAVexvBtojqFOhOaIACGTFLGJyd/o04OtQFBdrhPnhzpz3GSDvFH4RGo1Zw==}
    engines: {node: ^16.20.0 || ^18.16.0 || >=20.0.0}
    dependencies:
      '@babel/helper-string-parser': 8.0.0-alpha.2
      '@babel/helper-validator-identifier': 8.0.0-alpha.2
      to-fast-properties: 3.0.1
    dev: false

  /@jridgewell/gen-mapping@0.3.3:
    resolution: {integrity: sha512-HLhSWOLRi875zjjMG/r+Nv0oCW8umGb0BgEhyX3dDX3egwZtB8PqLnjz3yedt8R5StBrzcg4aBpnh8UA9D1BoQ==}
    engines: {node: '>=6.0.0'}
    dependencies:
      '@jridgewell/set-array': 1.1.2
      '@jridgewell/sourcemap-codec': 1.4.15
      '@jridgewell/trace-mapping': 0.3.19
    dev: false

  /@jridgewell/resolve-uri@3.1.1:
    resolution: {integrity: sha512-dSYZh7HhCDtCKm4QakX0xFpsRDqjjtZf/kjI/v3T3Nwt5r8/qz/M19F9ySyOqU94SXBmeG9ttTul+YnR4LOxFA==}
    engines: {node: '>=6.0.0'}
    dev: false

  /@jridgewell/set-array@1.1.2:
    resolution: {integrity: sha512-xnkseuNADM0gt2bs+BvhO0p78Mk762YnZdsuzFV018NoG1Sj1SCQvpSqa7XUaTam5vAGasABV9qXASMKnFMwMw==}
    engines: {node: '>=6.0.0'}
    dev: false

  /@jridgewell/sourcemap-codec@1.4.15:
    resolution: {integrity: sha512-eF2rxCRulEKXHTRiDrDy6erMYWqNw4LPdQ8UQA4huuxaQsVeRPFl2oM8oDGxMFhJUWZf9McpLtJasDDZb/Bpeg==}
    dev: false

  /@jridgewell/trace-mapping@0.3.19:
    resolution: {integrity: sha512-kf37QtfW+Hwx/buWGMPcR60iF9ziHa6r/CZJIHbmcm4+0qrXiVdxegAH0F6yddEVQ7zdkjcGCgCzUu+BcbhQxw==}
    dependencies:
      '@jridgewell/resolve-uri': 3.1.1
      '@jridgewell/sourcemap-codec': 1.4.15
    dev: false

  /ansi-styles@4.3.0:
    resolution: {integrity: sha512-zbB9rCJAT1rbjiVDb2hqKFHNYLxgtk8NURxZ3IZwD3F6NtxbXZQCnnSi1Lkx+IDohdPlFp222wVALIheZJQSEg==}
    engines: {node: '>=8'}
    dependencies:
      color-convert: 2.0.1
    dev: false

  /chalk@4.1.2:
    resolution: {integrity: sha512-oKnbhFyRIXpUuez8iBMmyEa4nbj4IOQyuhc/wy9kY7/WVPcwIO9VA668Pu8RkO7+0G76SLROeyw9CpQ061i4mA==}
    engines: {node: '>=10'}
    dependencies:
      ansi-styles: 4.3.0
      supports-color: 7.2.0
    dev: false

  /color-convert@2.0.1:
    resolution: {integrity: sha512-RRECPsj7iu/xb5oKYcsFHSppFNnsj/52OVTRKb4zP5onXwVF3zVmmToNcOfGC+CRDpfK/U584fMg38ZHCaElKQ==}
    engines: {node: '>=7.0.0'}
    dependencies:
      color-name: 1.1.4
    dev: false

  /color-name@1.1.4:
    resolution: {integrity: sha512-dOy+3AuW3a2wNbZHIuMZpTcgjGuLU/uBL/ubcZF9OXbDo8ff4O8yVp5Bf0efS8uEoYo5q4Fx7dY9OgQGXgAsQA==}
    dev: false

  /debug@4.3.4:
    resolution: {integrity: sha512-PRWFHuSU3eDtQJPvnNY7Jcket1j0t5OuOsFzPPzsekD52Zl8qUfFIPEiswXqIvHWGVHOgX+7G/vCNNhehwxfkQ==}
    engines: {node: '>=6.0'}
    peerDependencies:
      supports-color: '*'
    peerDependenciesMeta:
      supports-color:
        optional: true
    dependencies:
      ms: 2.1.2
    dev: false

  /globals@13.21.0:
    resolution: {integrity: sha512-ybyme3s4yy/t/3s35bewwXKOf7cvzfreG2lH0lZl0JB7I4GxRP2ghxOK/Nb9EkRXdbBXZLfq/p/0W2JUONB/Gg==}
    engines: {node: '>=8'}
    dependencies:
      type-fest: 0.20.2
    dev: false

  /has-flag@4.0.0:
    resolution: {integrity: sha512-EykJT/Q1KjTWctppgIAgfSO0tKVuZUjhgMr17kqTumMl6Afv3EISleU7qZUzoXDFTAHTDC4NOoG/ZxU3EvlMPQ==}
    engines: {node: '>=8'}
    dev: false

  /js-tokens@8.0.1:
    resolution: {integrity: sha512-3AGrZT6tuMm1ZWWn9mLXh7XMfi2YtiLNPALCVxBCiUVq0LD1OQMxV/AdS/s7rLJU5o9i/jBZw/N4vXXL5dm29A==}
    dev: false

  /jsesc@3.0.2:
    resolution: {integrity: sha512-xKqzzWXDttJuOcawBt4KnKHHIf5oQ/Cxax+0PWFG+DFDgHNAdi+TXECADI+RYiFUMmx8792xsMbbgXj4CwnP4g==}
    engines: {node: '>=6'}
    hasBin: true
    dev: false

  /ms@2.1.2:
    resolution: {integrity: sha512-sGkPx+VjMtmA6MX27oA4FBFELFCZZ4S4XqeGOXCv68tT+jb3vk/RyaKWP0PTKyWtmLSM0b+adUTEvbs1PEaH2w==}
    dev: false

  /supports-color@7.2.0:
    resolution: {integrity: sha512-qpCAvRl9stuOHveKsn7HncJRvv501qIacKzQlO/+Lwxc9+0q2wLyv4Dfvt80/DPn2pqOBsJdDiogXGR9+OvwRw==}
    engines: {node: '>=8'}
    dependencies:
      has-flag: 4.0.0
    dev: false

  /to-fast-properties@2.0.0:
    resolution: {integrity: sha512-/OaKK0xYrs3DmxRYqL/yDc+FxFUVYhDlXMhRmv3z915w2HF1tnN1omB354j8VUGO/hbRzyD6Y3sA7v7GS/ceog==}
    engines: {node: '>=4'}
    dev: false

  /to-fast-properties@3.0.1:
    resolution: {integrity: sha512-/wtNi1tW1F3nf0OL6AqVxGw9Tr1ET70InMhJuVxPwFdGqparF0nQ4UWGLf2DsoI2bFDtthlBnALncZpUzOnsUw==}
    engines: {node: '>=8'}
    dev: false

  /type-fest@0.20.2:
    resolution: {integrity: sha512-Ne+eE4r0/iWnpAxD852z3A+N0Bt5RN//NjJwRd2VFHEmrywxf5vsZlh4R6lixl6B+wz/8d+maTSAkN1FIkI3LQ==}
    engines: {node: '>=10'}
    dev: false
